
Microsoft Visual Studio Solution File, Format Version 12.00
# Visual Studio Version 17
VisualStudioVersion = 17.12.35527.113 d17.12
MinimumVisualStudioVersion = 10.0.40219.1
Project("{FAE04EC0-301F-11D3-BF4B-00C04F79EFBC}") = "InventoryControl", "InventoryControl.csproj", "{FDF310D3-DDFD-4A00-B873-7A66A9EC88CE}"
EndProject
Global
	GlobalSection(SolutionConfigurationPlatforms) = preSolution
		Debug|Any CPU = Debug|Any CPU
		Release|Any CPU = Release|Any CPU
	EndGlobalSection
	GlobalSection(ProjectConfigurationPlatforms) = postSolution
		{FDF310D3-DDFD-4A00-B873-7A66A9EC88CE}.Debug|Any CPU.ActiveCfg = Debug|Any CPU
		{FDF310D3-DDFD-4A00-B873-7A66A9EC88CE}.Debug|Any CPU.Build.0 = Debug|Any CPU
		{FDF310D3-DDFD-4A00-B873-7A66A9EC88CE}.Release|Any CPU.ActiveCfg = Release|Any CPU
		{FDF310D3-DDFD-4A00-B873-7A66A9EC88CE}.Release|Any CPU.Build.0 = Release|Any CPU
	EndGlobalSection
	GlobalSection(SolutionProperties) = preSolution
		HideSolutionNode = FALSE
	EndGlobalSection
EndGlobal
